// !$*UTF8*$!
{
	archiveVersion = 1;
	classes = {
	};
	objectVersion = 55;
	objects = {

/* Begin PBXBuildFile section */
		940294CB290456830079112E /* LoadingView.swift in Sources */ = {isa = PBXBuildFile; fileRef = 940294CA290456830079112E /* LoadingView.swift */; };
		940294CD29047DF90079112E /* DetailViewController.swift in Sources */ = {isa = PBXBuildFile; fileRef = 940294CC29047DF90079112E /* DetailViewController.swift */; };
		940294D32905D3110079112E /* MyViewController.swift in Sources */ = {isa = PBXBuildFile; fileRef = 940294D22905D3110079112E /* MyViewController.swift */; };
		945A55DA2906D40900216FFD /* LoginViewController.swift in Sources */ = {isa = PBXBuildFile; fileRef = 945A55D92906D40900216FFD /* LoginViewController.swift */; };
		94EC7CB029023CD10029502D /* AppDelegate.swift in Sources */ = {isa = PBXBuildFile; fileRef = 94EC7CAF29023CD10029502D /* AppDelegate.swift */; };
		94EC7CB229023CD10029502D /* SceneDelegate.swift in Sources */ = {isa = PBXBuildFile; fileRef = 94EC7CB129023CD10029502D /* SceneDelegate.swift */; };
		94EC7CB429023CD10029502D /* ViewController.swift in Sources */ = {isa = PBXBuildFile; fileRef = 94EC7CB329023CD10029502D /* ViewController.swift */; };
		94EC7CB729023CD10029502D /* Main.storyboard in Resources */ = {isa = PBXBuildFile; fileRef = 94EC7CB529023CD10029502D /* Main.storyboard */; };
		94EC7CB929023CD10029502D /* Assets.xcassets in Resources */ = {isa = PBXBuildFile; fileRef = 94EC7CB829023CD10029502D /* Assets.xcassets */; };
		94EC7CBC29023CD10029502D /* LaunchScreen.storyboard in Resources */ = {isa = PBXBuildFile; fileRef = 94EC7CBA29023CD10029502D /* LaunchScreen.storyboard */; };
		94FB48A72909D942008E64EB /* ReviewViewController.swift in Sources */ = {isa = PBXBuildFile; fileRef = 94FB48A62909D942008E64EB /* ReviewViewController.swift */; };
		94FB48A92909E52A008E64EB /* Database.swift in Sources */ = {isa = PBXBuildFile; fileRef = 94FB48A82909E52A008E64EB /* Database.swift */; };
		94FB48AB2909E546008E64EB /* DatabaseCommand.swift in Sources */ = {isa = PBXBuildFile; fileRef = 94FB48AA2909E546008E64EB /* DatabaseCommand.swift */; };
		94FB48AD2909EBEC008E64EB /* Review.swift in Sources */ = {isa = PBXBuildFile; fileRef = 94FB48AC2909EBEC008E64EB /* Review.swift */; };
		94FB48AF290A1A70008E64EB /* AddReviewViewController.swift in Sources */ = {isa = PBXBuildFile; fileRef = 94FB48AE290A1A70008E64EB /* AddReviewViewController.swift */; };
		94FB48B1290B4052008E64EB /* LikedMovie.swift in Sources */ = {isa = PBXBuildFile; fileRef = 94FB48B0290B4052008E64EB /* LikedMovie.swift */; };
		DDD156CF76A18B30604687D7 /* Pods_HaoranSong_Lab4.framework in Frameworks */ = {isa = PBXBuildFile; fileRef = 36958D5D7132132D7F49A00F /* Pods_HaoranSong_Lab4.framework */; };
/* End PBXBuildFile section */

/* Begin PBXFileReference section */
		36958D5D7132132D7F49A00F /* Pods_HaoranSong_Lab4.framework */ = {isa = PBXFileReference; explicitFileType = wrapper.framework; includeInIndex = 0; path = Pods_HaoranSong_Lab4.framework; sourceTree = BUILT_PRODUCTS_DIR; };
		87199633249AE90076CF6B74 /* Pods-HaoranSong-Lab4.release.xcconfig */ = {isa = PBXFileReference; includeInIndex = 1; lastKnownFileType = text.xcconfig; name = "Pods-HaoranSong-Lab4.release.xcconfig"; path = "Target Support Files/Pods-HaoranSong-Lab4/Pods-HaoranSong-Lab4.release.xcconfig"; sourceTree = "<group>"; };
		8F292FB9DF55C17183CD7403 /* Pods-HaoranSong-Lab4.debug.xcconfig */ = {isa = PBXFileReference; includeInIndex = 1; lastKnownFileType = text.xcconfig; name = "Pods-HaoranSong-Lab4.debug.xcconfig"; path = "Target Support Files/Pods-HaoranSong-Lab4/Pods-HaoranSong-Lab4.debug.xcconfig"; sourceTree = "<group>"; };
		940294CA290456830079112E /* LoadingView.swift */ = {isa = PBXFileReference; lastKnownFileType = sourcecode.swift; path = LoadingView.swift; sourceTree = "<group>"; };
		940294CC29047DF90079112E /* DetailViewController.swift */ = {isa = PBXFileReference; lastKnownFileType = sourcecode.swift; path = DetailViewController.swift; sourceTree = "<group>"; };
		940294D22905D3110079112E /* MyViewController.swift */ = {isa = PBXFileReference; lastKnownFileType = sourcecode.swift; path = MyViewController.swift; sourceTree = "<group>"; };
		945A55D92906D40900216FFD /* LoginViewController.swift */ = {isa = PBXFileReference; lastKnownFileType = sourcecode.swift; path = LoginViewController.swift; sourceTree = "<group>"; };
		94EC7CAC29023CD10029502D /* HaoranSong-Lab4.app */ = {isa = PBXFileReference; explicitFileType = wrapper.application; includeInIndex = 0; path = "HaoranSong-Lab4.app"; sourceTree = BUILT_PRODUCTS_DIR; };
		94EC7CAF29023CD10029502D /* AppDelegate.swift */ = {isa = PBXFileReference; lastKnownFileType = sourcecode.swift; path = AppDelegate.swift; sourceTree = "<group>"; };
		94EC7CB129023CD10029502D /* SceneDelegate.swift */ = {isa = PBXFileReference; lastKnownFileType = sourcecode.swift; path = SceneDelegate.swift; sourceTree = "<group>"; };
		94EC7CB329023CD10029502D /* ViewController.swift */ = {isa = PBXFileReference; lastKnownFileType = sourcecode.swift; path = ViewController.swift; sourceTree = "<group>"; };
		94EC7CB629023CD10029502D /* Base */ = {isa = PBXFileReference; lastKnownFileType = file.storyboard; name = Base; path = Base.lproj/Main.storyboard; sourceTree = "<group>"; };
		94EC7CB829023CD10029502D /* Assets.xcassets */ = {isa = PBXFileReference; lastKnownFileType = folder.assetcatalog; path = Assets.xcassets; sourceTree = "<group>"; };
		94EC7CBB29023CD10029502D /* Base */ = {isa = PBXFileReference; lastKnownFileType = file.storyboard; name = Base; path = Base.lproj/LaunchScreen.storyboard; sourceTree = "<group>"; };
		94EC7CBD29023CD10029502D /* Info.plist */ = {isa = PBXFileReference; lastKnownFileType = text.plist.xml; path = Info.plist; sourceTree = "<group>"; };
		94FB48A62909D942008E64EB /* ReviewViewController.swift */ = {isa = PBXFileReference; lastKnownFileType = sourcecode.swift; path = ReviewViewController.swift; sourceTree = "<group>"; };
		94FB48A82909E52A008E64EB /* Database.swift */ = {isa = PBXFileReference; lastKnownFileType = sourcecode.swift; path = Database.swift; sourceTree = "<group>"; };
		94FB48AA2909E546008E64EB /* DatabaseCommand.swift */ = {isa = PBXFileReference; lastKnownFileType = sourcecode.swift; path = DatabaseCommand.swift; sourceTree = "<group>"; };
		94FB48AC2909EBEC008E64EB /* Review.swift */ = {isa = PBXFileReference; lastKnownFileType = sourcecode.swift; path = Review.swift; sourceTree = "<group>"; };
		94FB48AE290A1A70008E64EB /* AddReviewViewController.swift */ = {isa = PBXFileReference; lastKnownFileType = sourcecode.swift; path = AddReviewViewController.swift; sourceTree = "<group>"; };
		94FB48B0290B4052008E64EB /* LikedMovie.swift */ = {isa = PBXFileReference; lastKnownFileType = sourcecode.swift; path = LikedMovie.swift; sourceTree = "<group>"; };
/* End PBXFileReference section */

/* Begin PBXFrameworksBuildPhase section */
		94EC7CA929023CD10029502D /* Frameworks */ = {
			isa = PBXFrameworksBuildPhase;
			buildActionMask = 2147483647;
			files = (
				DDD156CF76A18B30604687D7 /* Pods_HaoranSong_Lab4.framework in Frameworks */,
			);
			runOnlyForDeploymentPostprocessing = 0;
		};
/* End PBXFrameworksBuildPhase section */

/* Begin PBXGroup section */
		0F830177734E0DD9CE7DD839 /* Pods */ = {
			isa = PBXGroup;
			children = (
				8F292FB9DF55C17183CD7403 /* Pods-HaoranSong-Lab4.debug.xcconfig */,
				87199633249AE90076CF6B74 /* Pods-HaoranSong-Lab4.release.xcconfig */,
			);
			path = Pods;
			sourceTree = "<group>";
		};
		7D44FC444BC2679144E27F53 /* Frameworks */ = {
			isa = PBXGroup;
			children = (
				36958D5D7132132D7F49A00F /* Pods_HaoranSong_Lab4.framework */,
			);
			name = Frameworks;
			sourceTree = "<group>";
		};
		94EC7CA329023CD10029502D = {
			isa = PBXGroup;
			children = (
				94EC7CAE29023CD10029502D /* HaoranSong-Lab4 */,
				94EC7CAD29023CD10029502D /* Products */,
				0F830177734E0DD9CE7DD839 /* Pods */,
				7D44FC444BC2679144E27F53 /* Frameworks */,
			);
			sourceTree = "<group>";
		};
		94EC7CAD29023CD10029502D /* Products */ = {
			isa = PBXGroup;
			children = (
				94EC7CAC29023CD10029502D /* HaoranSong-Lab4.app */,
			);
			name = Products;
			sourceTree = "<group>";
		};
		94EC7CAE29023CD10029502D /* HaoranSong-Lab4 */ = {
			isa = PBXGroup;
			children = (
				94EC7CAF29023CD10029502D /* AppDelegate.swift */,
				94EC7CB129023CD10029502D /* SceneDelegate.swift */,
				94EC7CB329023CD10029502D /* ViewController.swift */,
				940294CC29047DF90079112E /* DetailViewController.swift */,
				940294D22905D3110079112E /* MyViewController.swift */,
				945A55D92906D40900216FFD /* LoginViewController.swift */,
				94FB48A62909D942008E64EB /* ReviewViewController.swift */,
				94FB48AE290A1A70008E64EB /* AddReviewViewController.swift */,
				94EC7CB529023CD10029502D /* Main.storyboard */,
				94EC7CB829023CD10029502D /* Assets.xcassets */,
				94EC7CBA29023CD10029502D /* LaunchScreen.storyboard */,
				94EC7CBD29023CD10029502D /* Info.plist */,
				940294CA290456830079112E /* LoadingView.swift */,
				94FB48A82909E52A008E64EB /* Database.swift */,
				94FB48AA2909E546008E64EB /* DatabaseCommand.swift */,
				94FB48AC2909EBEC008E64EB /* Review.swift */,
				94FB48B0290B4052008E64EB /* LikedMovie.swift */,
			);
			path = "HaoranSong-Lab4";
			sourceTree = "<group>";
		};
/* End PBXGroup section */

/* Begin PBXNativeTarget section */
		94EC7CAB29023CD10029502D /* HaoranSong-Lab4 */ = {
			isa = PBXNativeTarget;
			buildConfigurationList = 94EC7CC029023CD10029502D /* Build configuration list for PBXNativeTarget "HaoranSong-Lab4" */;
			buildPhases = (
				C95BBC51039CFE1219BC2EA3 /* [CP] Check Pods Manifest.lock */,
				94EC7CA829023CD10029502D /* Sources */,
				94EC7CA929023CD10029502D /* Frameworks */,
				94EC7CAA29023CD10029502D /* Resources */,
				A82F352F9DB6267688D80325 /* [CP] Embed Pods Frameworks */,
			);
			buildRules = (
			);
			dependencies = (
			);
			name = "HaoranSong-Lab4";
			productName = "HaoranSong-Lab4";
			productReference = 94EC7CAC29023CD10029502D /* HaoranSong-Lab4.app */;
			productType = "com.apple.product-type.application";
		};
/* End PBXNativeTarget section */

/* Begin PBXProject section */
		94EC7CA429023CD10029502D /* Project object */ = {
			isa = PBXProject;
			attributes = {
				BuildIndependentTargetsInParallel = 1;
				LastSwiftUpdateCheck = 1340;
				LastUpgradeCheck = 1340;
				TargetAttributes = {
					94EC7CAB29023CD10029502D = {
						CreatedOnToolsVersion = 13.4.1;
					};
				};
			};
			buildConfigurationList = 94EC7CA729023CD10029502D /* Build configuration list for PBXProject "HaoranSong-Lab4" */;
			compatibilityVersion = "Xcode 13.0";
			developmentRegion = en;
			hasScannedForEncodings = 0;
			knownRegions = (
				en,
				Base,
			);
			mainGroup = 94EC7CA329023CD10029502D;
			productRefGroup = 94EC7CAD29023CD10029502D /* Products */;
			projectDirPath = "";
			projectRoot = "";
			targets = (
				94EC7CAB29023CD10029502D /* HaoranSong-Lab4 */,
			);
		};
/* End PBXProject section */

/* Begin PBXResourcesBuildPhase section */
		94EC7CAA29023CD10029502D /* Resources */ = {
			isa = PBXResourcesBuildPhase;
			buildActionMask = 2147483647;
			files = (
				94EC7CBC29023CD10029502D /* LaunchScreen.storyboard in Resources */,
				94EC7CB929023CD10029502D /* Assets.xcassets in Resources */,
				94EC7CB729023CD10029502D /* Main.storyboard in Resources */,
			);
			runOnlyForDeploymentPostprocessing = 0;
		};
/* End PBXResourcesBuildPhase section */

/* Begin PBXShellScriptBuildPhase section */
		A82F352F9DB6267688D80325 /* [CP] Embed Pods Frameworks */ = {
			isa = PBXShellScriptBuildPhase;
			buildActionMask = 2147483647;
			files = (
			);
			inputFileListPaths = (
				"${PODS_ROOT}/Target Support Files/Pods-HaoranSong-Lab4/Pods-HaoranSong-Lab4-frameworks-${CONFIGURATION}-input-files.xcfilelist",
			);
			name = "[CP] Embed Pods Frameworks";
			outputFileListPaths = (
				"${PODS_ROOT}/Target Support Files/Pods-HaoranSong-Lab4/Pods-HaoranSong-Lab4-frameworks-${CONFIGURATION}-output-files.xcfilelist",
			);
			runOnlyForDeploymentPostprocessing = 0;
			shellPath = /bin/sh;
			shellScript = "\"${PODS_ROOT}/Target Support Files/Pods-HaoranSong-Lab4/Pods-HaoranSong-Lab4-frameworks.sh\"\n";
			showEnvVarsInLog = 0;
		};
		C95BBC51039CFE1219BC2EA3 /* [CP] Check Pods Manifest.lock */ = {
			isa = PBXShellScriptBuildPhase;
			buildActionMask = 2147483647;
			files = (
			);
			inputFileListPaths = (
			);
			inputPaths = (
				"${PODS_PODFILE_DIR_PATH}/Podfile.lock",
				"${PODS_ROOT}/Manifest.lock",
			);
			name = "[CP] Check Pods Manifest.lock";
			outputFileListPaths = (
			);
			outputPaths = (
				"$(DERIVED_FILE_DIR)/Pods-HaoranSong-Lab4-checkManifestLockResult.txt",
			);
			runOnlyForDeploymentPostprocessing = 0;
			shellPath = /bin/sh;
			shellScript = "diff \"${PODS_PODFILE_DIR_PATH}/Podfile.lock\" \"${PODS_ROOT}/Manifest.lock\" > /dev/null\nif [ $? != 0 ] ; then\n    # print error to STDERR\n    echo \"error: The sandbox is not in sync with the Podfile.lock. Run 'pod install' or update your CocoaPods installation.\" >&2\n    exit 1\nfi\n# This output is used by Xcode 'outputs' to avoid re-running this script phase.\necho \"SUCCESS\" > \"${SCRIPT_OUTPUT_FILE_0}\"\n";
			showEnvVarsInLog = 0;
		};
/* End PBXShellScriptBuildPhase section */

/* Begin PBXSourcesBuildPhase section */
		94EC7CA829023CD10029502D /* Sources */ = {
			isa = PBXSourcesBuildPhase;
			buildActionMask = 2147483647;
			files = (
				94FB48AB2909E546008E64EB /* DatabaseCommand.swift in Sources */,
				94EC7CB429023CD10029502D /* ViewController.swift in Sources */,
				940294CB290456830079112E /* LoadingView.swift in Sources */,
				940294CD29047DF90079112E /* DetailViewController.swift in Sources */,
				940294D32905D3110079112E /* MyViewController.swift in Sources */,
				945A55DA2906D40900216FFD /* LoginViewController.swift in Sources */,
				94FB48AF290A1A70008E64EB /* AddReviewViewController.swift in Sources */,
				94FB48AD2909EBEC008E64EB /* Review.swift in Sources */,
				94EC7CB029023CD10029502D /* AppDelegate.swift in Sources */,
				94FB48A92909E52A008E64EB /* Database.swift in Sources */,
				94FB48A72909D942008E64EB /* ReviewViewController.swift in Sources */,
				94EC7CB229023CD10029502D /* SceneDelegate.swift in Sources */,
				94FB48B1290B4052008E64EB /* LikedMovie.swift in Sources */,
			);
			runOnlyForDeploymentPostprocessing = 0;
		};
/* End PBXSourcesBuildPhase section */

/* Begin PBXVariantGroup section */
		94EC7CB529023CD10029502D /* Main.storyboard */ = {
			isa = PBXVariantGroup;
			children = (
				94EC7CB629023CD10029502D /* Base */,
			);
			name = Main.storyboard;
			sourceTree = "<group>";
		};
		94EC7CBA29023CD10029502D /* LaunchScreen.storyboard */ = {
			isa = PBXVariantGroup;
			children = (
				94EC7CBB29023CD10029502D /* Base */,
			);
			name = LaunchScreen.storyboard;
			sourceTree = "<group>";
		};
/* End PBXVariantGroup section */

/* Begin XCBuildConfiguration section */
		94EC7CBE29023CD10029502D /* Debug */ = {
			isa = XCBuildConfiguration;
			buildSettings = {
				ALWAYS_SEARCH_USER_PATHS = NO;
				CLANG_ANALYZER_NONNULL = YES;
				CLANG_ANALYZER_NUMBER_OBJECT_CONVERSION = YES_AGGRESSIVE;
				CLANG_CXX_LANGUAGE_STANDARD = "gnu++17";
				CLANG_ENABLE_MODULES = YES;
				CLANG_ENABLE_OBJC_ARC = YES;
				CLANG_ENABLE_OBJC_WEAK = YES;
				CLANG_WARN_BLOCK_CAPTURE_AUTORELEASING = YES;
				CLANG_WARN_BOOL_CONVERSION = YES;
				CLANG_WARN_COMMA = YES;
				CLANG_WARN_CONSTANT_CONVERSION = YES;
				CLANG_WARN_DEPRECATED_OBJC_IMPLEMENTATIONS = YES;
				CLANG_WARN_DIRECT_OBJC_ISA_USAGE = YES_ERROR;
				CLANG_WARN_DOCUMENTATION_COMMENTS = YES;
				CLANG_WARN_EMPTY_BODY = YES;
				CLANG_WARN_ENUM_CONVERSION = YES;
				CLANG_WARN_INFINITE_RECURSION = YES;
				CLANG_WARN_INT_CONVERSION = YES;
				CLANG_WARN_NON_LITERAL_NULL_CONVERSION = YES;
				CLANG_WARN_OBJC_IMPLICIT_RETAIN_SELF = YES;
				CLANG_WARN_OBJC_LITERAL_CONVERSION = YES;
				CLANG_WARN_OBJC_ROOT_CLASS = YES_ERROR;
				CLANG_WARN_QUOTED_INCLUDE_IN_FRAMEWORK_HEADER = YES;
				CLANG_WARN_RANGE_LOOP_ANALYSIS = YES;
				CLANG_WARN_STRICT_PROTOTYPES = YES;
				CLANG_WARN_SUSPICIOUS_MOVE = YES;
				CLANG_WARN_UNGUARDED_AVAILABILITY = YES_AGGRESSIVE;
				CLANG_WARN_UNREACHABLE_CODE = YES;
				CLANG_WARN__DUPLICATE_METHOD_MATCH = YES;
				COPY_PHASE_STRIP = NO;
				DEBUG_INFORMATION_FORMAT = dwarf;
				ENABLE_STRICT_OBJC_MSGSEND = YES;
				ENABLE_TESTABILITY = YES;
				GCC_C_LANGUAGE_STANDARD = gnu11;
				GCC_DYNAMIC_NO_PIC = NO;
				GCC_NO_COMMON_BLOCKS = YES;
				GCC_OPTIMIZATION_LEVEL = 0;
				GCC_PREPROCESSOR_DEFINITIONS = (
					"DEBUG=1",
					"$(inherited)",
				);
				GCC_WARN_64_TO_32_BIT_CONVERSION = YES;
				GCC_WARN_ABOUT_RETURN_TYPE = YES_ERROR;
				GCC_WARN_UNDECLARED_SELECTOR = YES;
				GCC_WARN_UNINITIALIZED_AUTOS = YES_AGGRESSIVE;
				GCC_WARN_UNUSED_FUNCTION = YES;
				GCC_WARN_UNUSED_VARIABLE = YES;
				IPHONEOS_DEPLOYMENT_TARGET = 15.5;
				MTL_ENABLE_DEBUG_INFO = INCLUDE_SOURCE;
				MTL_FAST_MATH = YES;
				ONLY_ACTIVE_ARCH = YES;
				SDKROOT = iphoneos;
				SWIFT_ACTIVE_COMPILATION_CONDITIONS = DEBUG;
				SWIFT_OPTIMIZATION_LEVEL = "-Onone";
			};
			name = Debug;
		};
		94EC7CBF29023CD10029502D /* Release */ = {
			isa = XCBuildConfiguration;
			buildSettings = {
				ALWAYS_SEARCH_USER_PATHS = NO;
				CLANG_ANALYZER_NONNULL = YES;
				CLANG_ANALYZER_NUMBER_OBJECT_CONVERSION = YES_AGGRESSIVE;
				CLANG_CXX_LANGUAGE_STANDARD = "gnu++17";
				CLANG_ENABLE_MODULES = YES;
				CLANG_ENABLE_OBJC_ARC = YES;
				CLANG_ENABLE_OBJC_WEAK = YES;
				CLANG_WARN_BLOCK_CAPTURE_AUTORELEASING = YES;
				CLANG_WARN_BOOL_CONVERSION = YES;
				CLANG_WARN_COMMA = YES;
				CLANG_WARN_CONSTANT_CONVERSION = YES;
				CLANG_WARN_DEPRECATED_OBJC_IMPLEMENTATIONS = YES;
				CLANG_WARN_DIRECT_OBJC_ISA_USAGE = YES_ERROR;
				CLANG_WARN_DOCUMENTATION_COMMENTS = YES;
				CLANG_WARN_EMPTY_BODY = YES;
				CLANG_WARN_ENUM_CONVERSION = YES;
				CLANG_WARN_INFINITE_RECURSION = YES;
				CLANG_WARN_INT_CONVERSION = YES;
				CLANG_WARN_NON_LITERAL_NULL_CONVERSION = YES;
				CLANG_WARN_OBJC_IMPLICIT_RETAIN_SELF = YES;
				CLANG_WARN_OBJC_LITERAL_CONVERSION = YES;
				CLANG_WARN_OBJC_ROOT_CLASS = YES_ERROR;
				CLANG_WARN_QUOTED_INCLUDE_IN_FRAMEWORK_HEADER = YES;
				CLANG_WARN_RANGE_LOOP_ANALYSIS = YES;
				CLANG_WARN_STRICT_PROTOTYPES = YES;
				CLANG_WARN_SUSPICIOUS_MOVE = YES;
				CLANG_WARN_UNGUARDED_AVAILABILITY = YES_AGGRESSIVE;
				CLANG_WARN_UNREACHABLE_CODE = YES;
				CLANG_WARN__DUPLICATE_METHOD_MATCH = YES;
				COPY_PHASE_STRIP = NO;
				DEBUG_INFORMATION_FORMAT = "dwarf-with-dsym";
				ENABLE_NS_ASSERTIONS = NO;
				ENABLE_STRICT_OBJC_MSGSEND = YES;
				GCC_C_LANGUAGE_STANDARD = gnu11;
				GCC_NO_COMMON_BLOCKS = YES;
				GCC_WARN_64_TO_32_BIT_CONVERSION = YES;
				GCC_WARN_ABOUT_RETURN_TYPE = YES_ERROR;
				GCC_WARN_UNDECLARED_SELECTOR = YES;
				GCC_WARN_UNINITIALIZED_AUTOS = YES_AGGRESSIVE;
				GCC_WARN_UNUSED_FUNCTION = YES;
				GCC_WARN_UNUSED_VARIABLE = YES;
				IPHONEOS_DEPLOYMENT_TARGET = 15.5;
				MTL_ENABLE_DEBUG_INFO = NO;
				MTL_FAST_MATH = YES;
				SDKROOT = iphoneos;
				SWIFT_COMPILATION_MODE = wholemodule;
				SWIFT_OPTIMIZATION_LEVEL = "-O";
				VALIDATE_PRODUCT = YES;
			};
			name = Release;
		};
		94EC7CC129023CD10029502D /* Debug */ = {
			isa = XCBuildConfiguration;
			baseConfigurationReference = 8F292FB9DF55C17183CD7403 /* Pods-HaoranSong-Lab4.debug.xcconfig */;
			buildSettings = {
				ASSETCATALOG_COMPILER_APPICON_NAME = AppIcon;
				ASSETCATALOG_COMPILER_GLOBAL_ACCENT_COLOR_NAME = AccentColor;
				CODE_SIGN_STYLE = Automatic;
				CURRENT_PROJECT_VERSION = 1;
				DEVELOPMENT_TEAM = RTF5TJVD55;
				GENERATE_INFOPLIST_FILE = YES;
				INFOPLIST_FILE = "HaoranSong-Lab4/Info.plist";
				INFOPLIST_KEY_UIApplicationSupportsIndirectInputEvents = YES;
				INFOPLIST_KEY_UILaunchStoryboardName = LaunchScreen;
				INFOPLIST_KEY_UIMainStoryboardFile = Main;
				INFOPLIST_KEY_UISupportedInterfaceOrientations_iPad = "UIInterfaceOrientationPortrait UIInterfaceOrientationPortraitUpsideDown UIInterfaceOrientationLandscapeLeft UIInterfaceOrientationLandscapeRight";
				INFOPLIST_KEY_UISupportedInterfaceOrientations_iPhone = "UIInterfaceOrientationPortrait UIInterfaceOrientationLandscapeLeft UIInterfaceOrientationLandscapeRight";
				LD_RUNPATH_SEARCH_PATHS = (
					"$(inherited)",
					"@executable_path/Frameworks",
				);
				MARKETING_VERSION = 1.0;
				PRODUCT_BUNDLE_IDENTIFIER = "demo.HaoranSong-Lab4";
				PRODUCT_NAME = "$(TARGET_NAME)";
				SWIFT_EMIT_LOC_STRINGS = YES;
				SWIFT_VERSION = 5.0;
				TARGETED_DEVICE_FAMILY = "1,2";
			};
			name = Debug;
		};
		94EC7CC229023CD10029502D /* Release */ = {
			isa = XCBuildConfiguration;
			baseConfigurationReference = 87199633249AE90076CF6B74 /* Pods-HaoranSong-Lab4.release.xcconfig */;
			buildSettings = {
				ASSETCATALOG_COMPILER_APPICON_NAME = AppIcon;
				ASSETCATALOG_COMPILER_GLOBAL_ACCENT_COLOR_NAME = AccentColor;
				CODE_SIGN_STYLE = Automatic;
				CURRENT_PROJECT_VERSION = 1;
				DEVELOPMENT_TEAM = RTF5TJVD55;
				GENERATE_INFOPLIST_FILE = YES;
				INFOPLIST_FILE = "HaoranSong-Lab4/Info.plist";
				INFOPLIST_KEY_UIApplicationSupportsIndirectInputEvents = YES;
				INFOPLIST_KEY_UILaunchStoryboardName = LaunchScreen;
				INFOPLIST_KEY_UIMainStoryboardFile = Main;
				INFOPLIST_KEY_UISupportedInterfaceOrientations_iPad = "UIInterfaceOrientationPortrait UIInterfaceOrientationPortraitUpsideDown UIInterfaceOrientationLandscapeLeft UIInterfaceOrientationLandscapeRight";
				INFOPLIST_KEY_UISupportedInterfaceOrientations_iPhone = "UIInterfaceOrientationPortrait UIInterfaceOrientationLandscapeLeft UIInterfaceOrientationLandscapeRight";
				LD_RUNPATH_SEARCH_PATHS = (
					"$(inherited)",
					"@executable_path/Frameworks",
				);
				MARKETING_VERSION = 1.0;
				PRODUCT_BUNDLE_IDENTIFIER = "demo.HaoranSong-Lab4";
				PRODUCT_NAME = "$(TARGET_NAME)";
				SWIFT_EMIT_LOC_STRINGS = YES;
				SWIFT_VERSION = 5.0;
				TARGETED_DEVICE_FAMILY = "1,2";
			};
			name = Release;
		};
/* End XCBuildConfiguration section */

/* Begin XCConfigurationList section */
		94EC7CA729023CD10029502D /* Build configuration list for PBXProject "HaoranSong-Lab4" */ = {
			isa = XCConfigurationList;
			buildConfigurations = (
				94EC7CBE29023CD10029502D /* Debug */,
				94EC7CBF29023CD10029502D /* Release */,
			);
			defaultConfigurationIsVisible = 0;
			defaultConfigurationName = Release;
		};
		94EC7CC029023CD10029502D /* Build configuration list for PBXNativeTarget "HaoranSong-Lab4" */ = {
			isa = XCConfigurationList;
			buildConfigurations = (
				94EC7CC129023CD10029502D /* Debug */,
				94EC7CC229023CD10029502D /* Release */,
			);
			defaultConfigurationIsVisible = 0;
			defaultConfigurationName = Release;
		};
/* End XCConfigurationList section */
	};
	rootObject = 94EC7CA429023CD10029502D /* Project object */;
}
